<Solution>
  <!-- Generated from eng/solutions.json by scripts/update-solutions.ps1. -->
  <Configurations>
    <BuildType Name="Debug" />
    <BuildType Name="Release" />
  </Configurations>
  <Folder Name="/Entry points/">
    <Project Path="src/Broiler.Writer.Android/Broiler.Writer.Android.csproj">
      <Deploy Solution="Debug|*" />
    </Project>
  </Folder>
  <Folder Name="/Dependencies/src/">
    <Project Path="src/Broiler.App.Android/Broiler.App.Android.csproj" />
    <Project Path="src/Broiler.Writer.FormatCodes/Broiler.Writer.FormatCodes.csproj" />
    <Project Path="src/Broiler.Writer/Broiler.Writer.Core.csproj" />
  </Folder>
</Solution>
